<?xml version="1.0" encoding="utf-8"?>
<Project ToolsVersion="4.0" xmlns="http://schemas.microsoft.com/developer/msbuild/2003">
  <ItemGroup>
    <Filter Include="Source Files">
      <UniqueIdentifier>{88bb5acd-2669-456c-b720-8d723ddb126a}</UniqueIdentifier>
      <Extensions>cpp</Extensions>
    </Filter>
    <Filter Include="Header Files">
      <UniqueIdentifier>{e70aabcd-94a4-4b88-9e77-900809bbf4f0}</UniqueIdentifier>
      <Extensions>h</Extensions>
    </Filter>
  </ItemGroup>
  <ItemGroup>
    <ClCompile Include="gemm.cpp">
      <Filter>Source Files</Filter>
    </ClCompile>
    <ClCompile Include="amax.cpp">
      <Filter>Source Files</Filter>
    </ClCompile>
    <ClCompile Include="blas.cpp">
      <Filter>Source Files</Filter>
    </ClCompile>
  </ItemGroup>
  <ItemGroup>
    <ClInclude Include="xllblas.h">
      <Filter>Header Files</Filter>
    </ClInclude>
    <ClInclude Include="blas.h">
      <Filter>Header Files</Filter>
    </ClInclude>
  </ItemGroup>
  <ItemGroup>
    <None Include="README.txt" />
  </ItemGroup>
</Project>